// !$*UTF8*$!
{
	archiveVersion = 1;
	classes = {
	};
	objectVersion = 46;
	objects = {

/* Begin PBXBuildFile section */
		AA7ED655165BB38100465489 /* Document.cpp in Sources */ = {isa = PBXBuildFile; fileRef = AA7ED653165BB38100465489 /* Document.cpp */; };
		AA7ED656165BB38100465489 /* Document.h in Headers */ = {isa = PBXBuildFile; fileRef = AA7ED654165BB38100465489 /* Document.h */; };
		AA7ED65A165BB80100465489 /* Page.cpp in Sources */ = {isa = PBXBuildFile; fileRef = AA7ED658165BB80100465489 /* Page.cpp */; };
		AA7ED65B165BB80100465489 /* Page.h in Headers */ = {isa = PBXBuildFile; fileRef = AA7ED659165BB80100465489 /* Page.h */; };
		AA7ED65E165BC97300465489 /* Stream.cpp in Sources */ = {isa = PBXBuildFile; fileRef = AA7ED65C165BC97300465489 /* Stream.cpp */; };
		AA7ED65F165BC97300465489 /* Stream.h in Headers */ = {isa = PBXBuildFile; fileRef = AA7ED65D165BC97300465489 /* Stream.h */; };
		AA7ED662165BC98600465489 /* StreamHead.cpp in Sources */ = {isa = PBXBuildFile; fileRef = AA7ED660165BC98600465489 /* StreamHead.cpp */; };
		AA7ED663165BC98600465489 /* StreamHead.h in Headers */ = {isa = PBXBuildFile; fileRef = AA7ED661165BC98600465489 /* StreamHead.h */; };
		AA7ED666165BC99D00465489 /* ImageHead.cpp in Sources */ = {isa = PBXBuildFile; fileRef = AA7ED664165BC99D00465489 /* ImageHead.cpp */; };
		AA7ED667165BC99D00465489 /* ImageHead.h in Headers */ = {isa = PBXBuildFile; fileRef = AA7ED665165BC99D00465489 /* ImageHead.h */; };
		AA7ED66A165BD90B00465489 /* ImageFile.cpp in Sources */ = {isa = PBXBuildFile; fileRef = AA7ED668165BD90B00465489 /* ImageFile.cpp */; };
		AA7ED66B165BD90B00465489 /* ImageFile.h in Headers */ = {isa = PBXBuildFile; fileRef = AA7ED669165BD90B00465489 /* ImageFile.h */; };
		AA7ED66E165BD9BA00465489 /* StreamEncodeProvider.cpp in Sources */ = {isa = PBXBuildFile; fileRef = AA7ED66C165BD9BA00465489 /* StreamEncodeProvider.cpp */; };
		AA7ED66F165BD9BA00465489 /* StreamEncodeProvider.h in Headers */ = {isa = PBXBuildFile; fileRef = AA7ED66D165BD9BA00465489 /* StreamEncodeProvider.h */; };
		AA7ED672165BD9FE00465489 /* FlateEncoder.cpp in Sources */ = {isa = PBXBuildFile; fileRef = AA7ED670165BD9FE00465489 /* FlateEncoder.cpp */; };
		AA7ED673165BD9FE00465489 /* FlateEncoder.h in Headers */ = {isa = PBXBuildFile; fileRef = AA7ED671165BD9FE00465489 /* FlateEncoder.h */; };
		AA7ED676165BDA3600465489 /* JPXEncoder.cpp in Sources */ = {isa = PBXBuildFile; fileRef = AA7ED674165BDA3600465489 /* JPXEncoder.cpp */; };
		AA7ED677165BDA3600465489 /* JPXEncoder.h in Headers */ = {isa = PBXBuildFile; fileRef = AA7ED675165BDA3600465489 /* JPXEncoder.h */; };
/* End PBXBuildFile section */

/* Begin PBXFileReference section */
		AA7ED64C165BB16E00465489 /* libImagePDF.a */ = {isa = PBXFileReference; explicitFileType = archive.ar; includeInIndex = 0; path = libImagePDF.a; sourceTree = BUILT_PRODUCTS_DIR; };
		AA7ED653165BB38100465489 /* Document.cpp */ = {isa = PBXFileReference; fileEncoding = 4; lastKnownFileType = sourcecode.cpp.cpp; lineEnding = 2; path = Document.cpp; sourceTree = "<group>"; };
		AA7ED654165BB38100465489 /* Document.h */ = {isa = PBXFileReference; fileEncoding = 4; lastKnownFileType = sourcecode.c.h; lineEnding = 2; path = Document.h; sourceTree = "<group>"; };
		AA7ED657165BB3C300465489 /* README.md */ = {isa = PBXFileReference; fileEncoding = 4; lastKnownFileType = text; lineEnding = 2; path = README.md; sourceTree = "<group>"; };
		AA7ED658165BB80100465489 /* Page.cpp */ = {isa = PBXFileReference; fileEncoding = 4; lastKnownFileType = sourcecode.cpp.cpp; path = Page.cpp; sourceTree = "<group>"; };
		AA7ED659165BB80100465489 /* Page.h */ = {isa = PBXFileReference; fileEncoding = 4; lastKnownFileType = sourcecode.c.h; path = Page.h; sourceTree = "<group>"; };
		AA7ED65C165BC97300465489 /* Stream.cpp */ = {isa = PBXFileReference; fileEncoding = 4; lastKnownFileType = sourcecode.cpp.cpp; path = Stream.cpp; sourceTree = "<group>"; };
		AA7ED65D165BC97300465489 /* Stream.h */ = {isa = PBXFileReference; fileEncoding = 4; lastKnownFileType = sourcecode.c.h; path = Stream.h; sourceTree = "<group>"; };
		AA7ED660165BC98600465489 /* StreamHead.cpp */ = {isa = PBXFileReference; fileEncoding = 4; lastKnownFileType = sourcecode.cpp.cpp; path = StreamHead.cpp; sourceTree = "<group>"; };
		AA7ED661165BC98600465489 /* StreamHead.h */ = {isa = PBXFileReference; fileEncoding = 4; lastKnownFileType = sourcecode.c.h; path = StreamHead.h; sourceTree = "<group>"; };
		AA7ED664165BC99D00465489 /* ImageHead.cpp */ = {isa = PBXFileReference; fileEncoding = 4; lastKnownFileType = sourcecode.cpp.cpp; path = ImageHead.cpp; sourceTree = "<group>"; };
		AA7ED665165BC99D00465489 /* ImageHead.h */ = {isa = PBXFileReference; fileEncoding = 4; lastKnownFileType = sourcecode.c.h; path = ImageHead.h; sourceTree = "<group>"; };
		AA7ED668165BD90B00465489 /* ImageFile.cpp */ = {isa = PBXFileReference; fileEncoding = 4; lastKnownFileType = sourcecode.cpp.cpp; path = ImageFile.cpp; sourceTree = "<group>"; };
		AA7ED669165BD90B00465489 /* ImageFile.h */ = {isa = PBXFileReference; fileEncoding = 4; lastKnownFileType = sourcecode.c.h; path = ImageFile.h; sourceTree = "<group>"; };
		AA7ED66C165BD9BA00465489 /* StreamEncodeProvider.cpp */ = {isa = PBXFileReference; fileEncoding = 4; lastKnownFileType = sourcecode.cpp.cpp; path = StreamEncodeProvider.cpp; sourceTree = "<group>"; };
		AA7ED66D165BD9BA00465489 /* StreamEncodeProvider.h */ = {isa = PBXFileReference; fileEncoding = 4; lastKnownFileType = sourcecode.c.h; path = StreamEncodeProvider.h; sourceTree = "<group>"; };
		AA7ED670165BD9FE00465489 /* FlateEncoder.cpp */ = {isa = PBXFileReference; fileEncoding = 4; lastKnownFileType = sourcecode.cpp.cpp; path = FlateEncoder.cpp; sourceTree = "<group>"; };
		AA7ED671165BD9FE00465489 /* FlateEncoder.h */ = {isa = PBXFileReference; fileEncoding = 4; lastKnownFileType = sourcecode.c.h; path = FlateEncoder.h; sourceTree = "<group>"; };
		AA7ED674165BDA3600465489 /* JPXEncoder.cpp */ = {isa = PBXFileReference; fileEncoding = 4; lastKnownFileType = sourcecode.cpp.cpp; path = JPXEncoder.cpp; sourceTree = "<group>"; };
		AA7ED675165BDA3600465489 /* JPXEncoder.h */ = {isa = PBXFileReference; fileEncoding = 4; lastKnownFileType = sourcecode.c.h; path = JPXEncoder.h; sourceTree = "<group>"; };
		AA7ED678165BDBFC00465489 /* .gitignore */ = {isa = PBXFileReference; fileEncoding = 4; lastKnownFileType = text; path = .gitignore; sourceTree = "<group>"; };
/* End PBXFileReference section */

/* Begin PBXFrameworksBuildPhase section */
		AA7ED649165BB16E00465489 /* Frameworks */ = {
			isa = PBXFrameworksBuildPhase;
			buildActionMask = 2147483647;
			files = (
			);
			runOnlyForDeploymentPostprocessing = 0;
		};
/* End PBXFrameworksBuildPhase section */

/* Begin PBXGroup section */
		AA7ED641165BB16E00465489 = {
			isa = PBXGroup;
			children = (
				AA7ED678165BDBFC00465489 /* .gitignore */,
				AA7ED66C165BD9BA00465489 /* StreamEncodeProvider.cpp */,
				AA7ED66D165BD9BA00465489 /* StreamEncodeProvider.h */,
				AA7ED657165BB3C300465489 /* README.md */,
				AA7ED674165BDA3600465489 /* JPXEncoder.cpp */,
				AA7ED675165BDA3600465489 /* JPXEncoder.h */,
				AA7ED670165BD9FE00465489 /* FlateEncoder.cpp */,
				AA7ED671165BD9FE00465489 /* FlateEncoder.h */,
				AA7ED668165BD90B00465489 /* ImageFile.cpp */,
				AA7ED669165BD90B00465489 /* ImageFile.h */,
				AA7ED664165BC99D00465489 /* ImageHead.cpp */,
				AA7ED665165BC99D00465489 /* ImageHead.h */,
				AA7ED660165BC98600465489 /* StreamHead.cpp */,
				AA7ED661165BC98600465489 /* StreamHead.h */,
				AA7ED65C165BC97300465489 /* Stream.cpp */,
				AA7ED65D165BC97300465489 /* Stream.h */,
				AA7ED658165BB80100465489 /* Page.cpp */,
				AA7ED659165BB80100465489 /* Page.h */,
				AA7ED653165BB38100465489 /* Document.cpp */,
				AA7ED654165BB38100465489 /* Document.h */,
				AA7ED64D165BB16E00465489 /* Products */,
			);
			sourceTree = "<group>";
		};
		AA7ED64D165BB16E00465489 /* Products */ = {
			isa = PBXGroup;
			children = (
				AA7ED64C165BB16E00465489 /* libImagePDF.a */,
			);
			name = Products;
			sourceTree = "<group>";
		};
/* End PBXGroup section */

/* Begin PBXHeadersBuildPhase section */
		AA7ED64A165BB16E00465489 /* Headers */ = {
			isa = PBXHeadersBuildPhase;
			buildActionMask = 2147483647;
			files = (
				AA7ED656165BB38100465489 /* Document.h in Headers */,
				AA7ED65B165BB80100465489 /* Page.h in Headers */,
				AA7ED65F165BC97300465489 /* Stream.h in Headers */,
				AA7ED663165BC98600465489 /* StreamHead.h in Headers */,
				AA7ED667165BC99D00465489 /* ImageHead.h in Headers */,
				AA7ED66B165BD90B00465489 /* ImageFile.h in Headers */,
				AA7ED66F165BD9BA00465489 /* StreamEncodeProvider.h in Headers */,
				AA7ED673165BD9FE00465489 /* FlateEncoder.h in Headers */,
				AA7ED677165BDA3600465489 /* JPXEncoder.h in Headers */,
			);
			runOnlyForDeploymentPostprocessing = 0;
		};
/* End PBXHeadersBuildPhase section */

/* Begin PBXNativeTarget section */
		AA7ED64B165BB16E00465489 /* ImagePDF */ = {
			isa = PBXNativeTarget;
			buildConfigurationList = AA7ED650165BB16E00465489 /* Build configuration list for PBXNativeTarget "ImagePDF" */;
			buildPhases = (
				AA7ED648165BB16E00465489 /* Sources */,
				AA7ED649165BB16E00465489 /* Frameworks */,
				AA7ED64A165BB16E00465489 /* Headers */,
			);
			buildRules = (
			);
			dependencies = (
			);
			name = ImagePDF;
			productName = ImagePDF;
			productReference = AA7ED64C165BB16E00465489 /* libImagePDF.a */;
			productType = "com.apple.product-type.library.static";
		};
/* End PBXNativeTarget section */

/* Begin PBXProject section */
		AA7ED643165BB16E00465489 /* Project object */ = {
			isa = PBXProject;
			attributes = {
				LastUpgradeCheck = 0450;
				ORGANIZATIONNAME = Neio;
			};
			buildConfigurationList = AA7ED646165BB16E00465489 /* Build configuration list for PBXProject "ImagePDF" */;
			compatibilityVersion = "Xcode 3.2";
			developmentRegion = English;
			hasScannedForEncodings = 0;
			knownRegions = (
				en,
			);
			mainGroup = AA7ED641165BB16E00465489;
			productRefGroup = AA7ED64D165BB16E00465489 /* Products */;
			projectDirPath = "";
			projectRoot = "";
			targets = (
				AA7ED64B165BB16E00465489 /* ImagePDF */,
			);
		};
/* End PBXProject section */

/* Begin PBXSourcesBuildPhase section */
		AA7ED648165BB16E00465489 /* Sources */ = {
			isa = PBXSourcesBuildPhase;
			buildActionMask = 2147483647;
			files = (
				AA7ED655165BB38100465489 /* Document.cpp in Sources */,
				AA7ED65A165BB80100465489 /* Page.cpp in Sources */,
				AA7ED65E165BC97300465489 /* Stream.cpp in Sources */,
				AA7ED662165BC98600465489 /* StreamHead.cpp in Sources */,
				AA7ED666165BC99D00465489 /* ImageHead.cpp in Sources */,
				AA7ED66A165BD90B00465489 /* ImageFile.cpp in Sources */,
				AA7ED66E165BD9BA00465489 /* StreamEncodeProvider.cpp in Sources */,
				AA7ED672165BD9FE00465489 /* FlateEncoder.cpp in Sources */,
				AA7ED676165BDA3600465489 /* JPXEncoder.cpp in Sources */,
			);
			runOnlyForDeploymentPostprocessing = 0;
		};
/* End PBXSourcesBuildPhase section */

/* Begin XCBuildConfiguration section */
		AA7ED64E165BB16E00465489 /* Debug */ = {
			isa = XCBuildConfiguration;
			buildSettings = {
				ALWAYS_SEARCH_USER_PATHS = NO;
				ARCHS = "$(ARCHS_STANDARD_32_BIT)";
				CLANG_CXX_LANGUAGE_STANDARD = "gnu++0x";
				CLANG_CXX_LIBRARY = "libc++";
				CLANG_WARN_EMPTY_BODY = YES;
				CLANG_WARN__DUPLICATE_METHOD_MATCH = YES;
				COPY_PHASE_STRIP = NO;
				GCC_C_LANGUAGE_STANDARD = gnu99;
				GCC_DYNAMIC_NO_PIC = NO;
				GCC_ENABLE_OBJC_EXCEPTIONS = YES;
				GCC_OPTIMIZATION_LEVEL = 0;
				GCC_PREPROCESSOR_DEFINITIONS = (
					"DEBUG=1",
					"$(inherited)",
				);
				GCC_SYMBOLS_PRIVATE_EXTERN = NO;
				GCC_WARN_64_TO_32_BIT_CONVERSION = YES;
				GCC_WARN_ABOUT_RETURN_TYPE = YES;
				GCC_WARN_UNINITIALIZED_AUTOS = YES;
				GCC_WARN_UNUSED_VARIABLE = YES;
				MACOSX_DEPLOYMENT_TARGET = 10.8;
				ONLY_ACTIVE_ARCH = YES;
				SDKROOT = macosx;
			};
			name = Debug;
		};
		AA7ED64F165BB16E00465489 /* Release */ = {
			isa = XCBuildConfiguration;
			buildSettings = {
				ALWAYS_SEARCH_USER_PATHS = NO;
				ARCHS = "$(ARCHS_STANDARD_32_BIT)";
				CLANG_CXX_LANGUAGE_STANDARD = "gnu++0x";
				CLANG_CXX_LIBRARY = "libc++";
				CLANG_WARN_EMPTY_BODY = YES;
				CLANG_WARN__DUPLICATE_METHOD_MATCH = YES;
				COPY_PHASE_STRIP = YES;
				DEBUG_INFORMATION_FORMAT = "dwarf-with-dsym";
				GCC_C_LANGUAGE_STANDARD = gnu99;
				GCC_ENABLE_OBJC_EXCEPTIONS = YES;
				GCC_WARN_64_TO_32_BIT_CONVERSION = YES;
				GCC_WARN_ABOUT_RETURN_TYPE = YES;
				GCC_WARN_UNINITIALIZED_AUTOS = YES;
				GCC_WARN_UNUSED_VARIABLE = YES;
				MACOSX_DEPLOYMENT_TARGET = 10.8;
				SDKROOT = macosx;
			};
			name = Release;
		};
		AA7ED651165BB16E00465489 /* Debug */ = {
			isa = XCBuildConfiguration;
			buildSettings = {
				EXECUTABLE_PREFIX = lib;
				PRODUCT_NAME = "$(TARGET_NAME)";
			};
			name = Debug;
		};
		AA7ED652165BB16E00465489 /* Release */ = {
			isa = XCBuildConfiguration;
			buildSettings = {
				EXECUTABLE_PREFIX = lib;
				PRODUCT_NAME = "$(TARGET_NAME)";
			};
			name = Release;
		};
/* End XCBuildConfiguration section */

/* Begin XCConfigurationList section */
		AA7ED646165BB16E00465489 /* Build configuration list for PBXProject "ImagePDF" */ = {
			isa = XCConfigurationList;
			buildConfigurations = (
				AA7ED64E165BB16E00465489 /* Debug */,
				AA7ED64F165BB16E00465489 /* Release */,
			);
			defaultConfigurationIsVisible = 0;
			defaultConfigurationName = Release;
		};
		AA7ED650165BB16E00465489 /* Build configuration list for PBXNativeTarget "ImagePDF" */ = {
			isa = XCConfigurationList;
			buildConfigurations = (
				AA7ED651165BB16E00465489 /* Debug */,
				AA7ED652165BB16E00465489 /* Release */,
			);
			defaultConfigurationIsVisible = 0;
		};
/* End XCConfigurationList section */
	};
	rootObject = AA7ED643165BB16E00465489 /* Project object */;
}
