<?xml version="1.0" encoding="utf-8"?>
<Project ToolsVersion="4.0" xmlns="http://schemas.microsoft.com/developer/msbuild/2003">
  <ItemGroup>
    <Filter Include="Source Files">
      <UniqueIdentifier>{4FC737F1-C7A5-4376-A066-2A32D752A2FF}</UniqueIdentifier>
      <Extensions>cpp;c;cc;cxx;def;odl;idl;hpj;bat;asm;asmx</Extensions>
    </Filter>
    <Filter Include="Header Files">
      <UniqueIdentifier>{93995380-89BD-4b04-88EB-625FBE52EBFB}</UniqueIdentifier>
      <Extensions>h;hpp;hxx;hm;inl;inc;xsd</Extensions>
    </Filter>
    <Filter Include="Resource Files">
      <UniqueIdentifier>{67DA6AB6-F800-4c08-8B7A-83BB121AAD01}</UniqueIdentifier>
      <Extensions>rc;ico;cur;bmp;dlg;rc2;rct;bin;rgs;gif;jpg;jpeg;jpe;resx;tiff;tif;png;wav;mfcribbon-ms</Extensions>
    </Filter>
  </ItemGroup>
  <ItemGroup>
    <ClCompile Include="..\..\Document.cpp">
      <Filter>Source Files</Filter>
    </ClCompile>
    <ClCompile Include="..\..\FlateEncoder.cpp">
      <Filter>Source Files</Filter>
    </ClCompile>
    <ClCompile Include="..\..\ImageFile.cpp">
      <Filter>Source Files</Filter>
    </ClCompile>
    <ClCompile Include="..\..\ImageHead.cpp">
      <Filter>Source Files</Filter>
    </ClCompile>
    <ClCompile Include="..\..\Page.cpp">
      <Filter>Source Files</Filter>
    </ClCompile>
    <ClCompile Include="..\..\Stream.cpp">
      <Filter>Source Files</Filter>
    </ClCompile>
    <ClCompile Include="..\..\StreamEncodeProvider.cpp">
      <Filter>Source Files</Filter>
    </ClCompile>
    <ClCompile Include="..\..\DCTEncoder.cpp">
      <Filter>Source Files</Filter>
    </ClCompile>
    <ClCompile Include="..\..\ASCIIEncoder.cpp">
      <Filter>Source Files</Filter>
    </ClCompile>
  </ItemGroup>
  <ItemGroup>
    <ClInclude Include="..\..\Document.h">
      <Filter>Source Files</Filter>
    </ClInclude>
    <ClInclude Include="..\..\FlateEncoder.h">
      <Filter>Source Files</Filter>
    </ClInclude>
    <ClInclude Include="..\..\ImageFile.h">
      <Filter>Source Files</Filter>
    </ClInclude>
    <ClInclude Include="..\..\ImageHead.h">
      <Filter>Source Files</Filter>
    </ClInclude>
    <ClInclude Include="..\..\Page.h">
      <Filter>Source Files</Filter>
    </ClInclude>
    <ClInclude Include="..\..\Stream.h">
      <Filter>Source Files</Filter>
    </ClInclude>
    <ClInclude Include="..\..\StreamEncodeProvider.h">
      <Filter>Source Files</Filter>
    </ClInclude>
    <ClInclude Include="..\..\StreamHead.h">
      <Filter>Source Files</Filter>
    </ClInclude>
    <ClInclude Include="..\..\DCTEncoder.h">
      <Filter>Source Files</Filter>
    </ClInclude>
    <ClInclude Include="..\..\ASCIIEncoder.h">
      <Filter>Source Files</Filter>
    </ClInclude>
    <ClInclude Include="..\..\imagepdf.h">
      <Filter>Source Files</Filter>
    </ClInclude>
  </ItemGroup>
  <ItemGroup>
    <None Include="..\..\README.md">
      <Filter>Source Files</Filter>
    </None>
  </ItemGroup>
  <ItemGroup>
    <Object Include="..\..\lib\objs\adler32.obj">
      <Filter>Resource Files</Filter>
    </Object>
    <Object Include="..\..\lib\objs\cdjpeg.obj">
      <Filter>Resource Files</Filter>
    </Object>
    <Object Include="..\..\lib\objs\compress.obj">
      <Filter>Resource Files</Filter>
    </Object>
    <Object Include="..\..\lib\objs\crc32.obj">
      <Filter>Resource Files</Filter>
    </Object>
    <Object Include="..\..\lib\objs\deflate.obj">
      <Filter>Resource Files</Filter>
    </Object>
    <Object Include="..\..\lib\objs\gzclose.obj">
      <Filter>Resource Files</Filter>
    </Object>
    <Object Include="..\..\lib\objs\gzlib.obj">
      <Filter>Resource Files</Filter>
    </Object>
    <Object Include="..\..\lib\objs\gzread.obj">
      <Filter>Resource Files</Filter>
    </Object>
    <Object Include="..\..\lib\objs\gzwrite.obj">
      <Filter>Resource Files</Filter>
    </Object>
    <Object Include="..\..\lib\objs\infback.obj">
      <Filter>Resource Files</Filter>
    </Object>
    <Object Include="..\..\lib\objs\inffast.obj">
      <Filter>Resource Files</Filter>
    </Object>
    <Object Include="..\..\lib\objs\inflate.obj">
      <Filter>Resource Files</Filter>
    </Object>
    <Object Include="..\..\lib\objs\inftrees.obj">
      <Filter>Resource Files</Filter>
    </Object>
    <Object Include="..\..\lib\objs\jaricom.obj">
      <Filter>Resource Files</Filter>
    </Object>
    <Object Include="..\..\lib\objs\jcapimin.obj">
      <Filter>Resource Files</Filter>
    </Object>
    <Object Include="..\..\lib\objs\jcapistd.obj">
      <Filter>Resource Files</Filter>
    </Object>
    <Object Include="..\..\lib\objs\jcarith.obj">
      <Filter>Resource Files</Filter>
    </Object>
    <Object Include="..\..\lib\objs\jccoefct.obj">
      <Filter>Resource Files</Filter>
    </Object>
    <Object Include="..\..\lib\objs\jccolor.obj">
      <Filter>Resource Files</Filter>
    </Object>
    <Object Include="..\..\lib\objs\jcdctmgr.obj">
      <Filter>Resource Files</Filter>
    </Object>
    <Object Include="..\..\lib\objs\jchuff.obj">
      <Filter>Resource Files</Filter>
    </Object>
    <Object Include="..\..\lib\objs\jcinit.obj">
      <Filter>Resource Files</Filter>
    </Object>
    <Object Include="..\..\lib\objs\jcmainct.obj">
      <Filter>Resource Files</Filter>
    </Object>
    <Object Include="..\..\lib\objs\jcmarker.obj">
      <Filter>Resource Files</Filter>
    </Object>
    <Object Include="..\..\lib\objs\jcmaster.obj">
      <Filter>Resource Files</Filter>
    </Object>
    <Object Include="..\..\lib\objs\jcomapi.obj">
      <Filter>Resource Files</Filter>
    </Object>
    <Object Include="..\..\lib\objs\jcparam.obj">
      <Filter>Resource Files</Filter>
    </Object>
    <Object Include="..\..\lib\objs\jcprepct.obj">
      <Filter>Resource Files</Filter>
    </Object>
    <Object Include="..\..\lib\objs\jcsample.obj">
      <Filter>Resource Files</Filter>
    </Object>
    <Object Include="..\..\lib\objs\jctrans.obj">
      <Filter>Resource Files</Filter>
    </Object>
    <Object Include="..\..\lib\objs\jdapimin.obj">
      <Filter>Resource Files</Filter>
    </Object>
    <Object Include="..\..\lib\objs\jdapistd.obj">
      <Filter>Resource Files</Filter>
    </Object>
    <Object Include="..\..\lib\objs\jdarith.obj">
      <Filter>Resource Files</Filter>
    </Object>
    <Object Include="..\..\lib\objs\jdatadst.obj">
      <Filter>Resource Files</Filter>
    </Object>
    <Object Include="..\..\lib\objs\jdatasrc.obj">
      <Filter>Resource Files</Filter>
    </Object>
    <Object Include="..\..\lib\objs\jdcoefct.obj">
      <Filter>Resource Files</Filter>
    </Object>
    <Object Include="..\..\lib\objs\jdcolor.obj">
      <Filter>Resource Files</Filter>
    </Object>
    <Object Include="..\..\lib\objs\jddctmgr.obj">
      <Filter>Resource Files</Filter>
    </Object>
    <Object Include="..\..\lib\objs\jdhuff.obj">
      <Filter>Resource Files</Filter>
    </Object>
    <Object Include="..\..\lib\objs\jdinput.obj">
      <Filter>Resource Files</Filter>
    </Object>
    <Object Include="..\..\lib\objs\jdmainct.obj">
      <Filter>Resource Files</Filter>
    </Object>
    <Object Include="..\..\lib\objs\jdmarker.obj">
      <Filter>Resource Files</Filter>
    </Object>
    <Object Include="..\..\lib\objs\jdmaster.obj">
      <Filter>Resource Files</Filter>
    </Object>
    <Object Include="..\..\lib\objs\jdmerge.obj">
      <Filter>Resource Files</Filter>
    </Object>
    <Object Include="..\..\lib\objs\jdpostct.obj">
      <Filter>Resource Files</Filter>
    </Object>
    <Object Include="..\..\lib\objs\jdsample.obj">
      <Filter>Resource Files</Filter>
    </Object>
    <Object Include="..\..\lib\objs\jdtrans.obj">
      <Filter>Resource Files</Filter>
    </Object>
    <Object Include="..\..\lib\objs\jerror.obj">
      <Filter>Resource Files</Filter>
    </Object>
    <Object Include="..\..\lib\objs\jfdctflt.obj">
      <Filter>Resource Files</Filter>
    </Object>
    <Object Include="..\..\lib\objs\jfdctfst.obj">
      <Filter>Resource Files</Filter>
    </Object>
    <Object Include="..\..\lib\objs\jfdctint.obj">
      <Filter>Resource Files</Filter>
    </Object>
    <Object Include="..\..\lib\objs\jidctflt.obj">
      <Filter>Resource Files</Filter>
    </Object>
    <Object Include="..\..\lib\objs\jidctfst.obj">
      <Filter>Resource Files</Filter>
    </Object>
    <Object Include="..\..\lib\objs\jidctint.obj">
      <Filter>Resource Files</Filter>
    </Object>
    <Object Include="..\..\lib\objs\jmemmgr.obj">
      <Filter>Resource Files</Filter>
    </Object>
    <Object Include="..\..\lib\objs\jmemnobs.obj">
      <Filter>Resource Files</Filter>
    </Object>
    <Object Include="..\..\lib\objs\jquant1.obj">
      <Filter>Resource Files</Filter>
    </Object>
    <Object Include="..\..\lib\objs\jquant2.obj">
      <Filter>Resource Files</Filter>
    </Object>
    <Object Include="..\..\lib\objs\jutils.obj">
      <Filter>Resource Files</Filter>
    </Object>
    <Object Include="..\..\lib\objs\rdbmp.obj">
      <Filter>Resource Files</Filter>
    </Object>
    <Object Include="..\..\lib\objs\rdcolmap.obj">
      <Filter>Resource Files</Filter>
    </Object>
    <Object Include="..\..\lib\objs\rdgif.obj">
      <Filter>Resource Files</Filter>
    </Object>
    <Object Include="..\..\lib\objs\rdppm.obj">
      <Filter>Resource Files</Filter>
    </Object>
    <Object Include="..\..\lib\objs\rdrle.obj">
      <Filter>Resource Files</Filter>
    </Object>
    <Object Include="..\..\lib\objs\rdswitch.obj">
      <Filter>Resource Files</Filter>
    </Object>
    <Object Include="..\..\lib\objs\rdtarga.obj">
      <Filter>Resource Files</Filter>
    </Object>
    <Object Include="..\..\lib\objs\transupp.obj">
      <Filter>Resource Files</Filter>
    </Object>
    <Object Include="..\..\lib\objs\trees.obj">
      <Filter>Resource Files</Filter>
    </Object>
    <Object Include="..\..\lib\objs\uncompr.obj">
      <Filter>Resource Files</Filter>
    </Object>
    <Object Include="..\..\lib\objs\wrbmp.obj">
      <Filter>Resource Files</Filter>
    </Object>
    <Object Include="..\..\lib\objs\wrgif.obj">
      <Filter>Resource Files</Filter>
    </Object>
    <Object Include="..\..\lib\objs\wrjpgcom.obj">
      <Filter>Resource Files</Filter>
    </Object>
    <Object Include="..\..\lib\objs\wrppm.obj">
      <Filter>Resource Files</Filter>
    </Object>
    <Object Include="..\..\lib\objs\wrrle.obj">
      <Filter>Resource Files</Filter>
    </Object>
    <Object Include="..\..\lib\objs\wrtarga.obj">
      <Filter>Resource Files</Filter>
    </Object>
    <Object Include="..\..\lib\objs\zutil.obj">
      <Filter>Resource Files</Filter>
    </Object>
  </ItemGroup>
</Project>